
Microsoft Visual Studio Solution File, Format Version 12.00
# Visual Studio Version 17
VisualStudioVersion = 17.1.32127.271
MinimumVisualStudioVersion = 10.0.40219.1
Project("{9A19103F-16F7-4668-BE54-9A1E7A4F7556}") = "K12WebApp.Server", "K12WebApp\Server\K12WebApp.Server.csproj", "{E7CFBFE2-6BB5-4E94-A4AA-0784F677C134}"
EndProject
Project("{9A19103F-16F7-4668-BE54-9A1E7A4F7556}") = "K12WebApp.Client", "K12WebApp\Client\K12WebApp.Client.csproj", "{66B54F19-7435-48C3-B186-EE9E71FFAD95}"
EndProject
Project("{9A19103F-16F7-4668-BE54-9A1E7A4F7556}") = "K12WebApp.Shared", "K12WebApp\Shared\K12WebApp.Shared.csproj", "{3AA63A37-4826-49DF-B015-80629EBFF90B}"
EndProject
Global
	GlobalSection(SolutionConfigurationPlatforms) = preSolution
		Debug|Any CPU = Debug|Any CPU
		Release|Any CPU = Release|Any CPU
	EndGlobalSection
	GlobalSection(ProjectConfigurationPlatforms) = postSolution
		{E7CFBFE2-6BB5-4E94-A4AA-0784F677C134}.Debug|Any CPU.ActiveCfg = Debug|Any CPU
		{E7CFBFE2-6BB5-4E94-A4AA-0784F677C134}.Debug|Any CPU.Build.0 = Debug|Any CPU
		{E7CFBFE2-6BB5-4E94-A4AA-0784F677C134}.Release|Any CPU.ActiveCfg = Release|Any CPU
		{E7CFBFE2-6BB5-4E94-A4AA-0784F677C134}.Release|Any CPU.Build.0 = Release|Any CPU
		{66B54F19-7435-48C3-B186-EE9E71FFAD95}.Debug|Any CPU.ActiveCfg = Debug|Any CPU
		{66B54F19-7435-48C3-B186-EE9E71FFAD95}.Debug|Any CPU.Build.0 = Debug|Any CPU
		{66B54F19-7435-48C3-B186-EE9E71FFAD95}.Release|Any CPU.ActiveCfg = Release|Any CPU
		{66B54F19-7435-48C3-B186-EE9E71FFAD95}.Release|Any CPU.Build.0 = Release|Any CPU
		{3AA63A37-4826-49DF-B015-80629EBFF90B}.Debug|Any CPU.ActiveCfg = Debug|Any CPU
		{3AA63A37-4826-49DF-B015-80629EBFF90B}.Debug|Any CPU.Build.0 = Debug|Any CPU
		{3AA63A37-4826-49DF-B015-80629EBFF90B}.Release|Any CPU.ActiveCfg = Release|Any CPU
		{3AA63A37-4826-49DF-B015-80629EBFF90B}.Release|Any CPU.Build.0 = Release|Any CPU
	EndGlobalSection
	GlobalSection(SolutionProperties) = preSolution
		HideSolutionNode = FALSE
	EndGlobalSection
	GlobalSection(ExtensibilityGlobals) = postSolution
		SolutionGuid = {AC9D4617-3EC3-40AE-9F74-109C57373275}
	EndGlobalSection
EndGlobal
